// !$*UTF8*$!
{
	archiveVersion = 1;
	classes = {
	};
	objectVersion = 50;
	objects = {

/* Begin PBXBuildFile section */
		10B3FCF223EF22D5006A0AF1 /* Main.storyboard in Resources */ = {isa = PBXBuildFile; fileRef = 10B3FCF023EF22D5006A0AF1 /* Main.storyboard */; };
		10B3FCF423EF22D8006A0AF1 /* Assets.xcassets in Resources */ = {isa = PBXBuildFile; fileRef = 10B3FCF323EF22D8006A0AF1 /* Assets.xcassets */; };
		10B3FCF723EF22D8006A0AF1 /* LaunchScreen.storyboard in Resources */ = {isa = PBXBuildFile; fileRef = 10B3FCF523EF22D8006A0AF1 /* LaunchScreen.storyboard */; };
		10B3FD0223EF22D8006A0AF1 /* schedulerTests.swift in Sources */ = {isa = PBXBuildFile; fileRef = 10B3FD0123EF22D8006A0AF1 /* schedulerTests.swift */; };
		10B3FD2B23F026B9006A0AF1 /* DependencyInjection.swift in Sources */ = {isa = PBXBuildFile; fileRef = 10B3FD1923F026B9006A0AF1 /* DependencyInjection.swift */; };
		10B3FD2C23F026B9006A0AF1 /* AppModule.swift in Sources */ = {isa = PBXBuildFile; fileRef = 10B3FD1A23F026B9006A0AF1 /* AppModule.swift */; };
		10B3FD2D23F026B9006A0AF1 /* AppDelegate.swift in Sources */ = {isa = PBXBuildFile; fileRef = 10B3FD1B23F026B9006A0AF1 /* AppDelegate.swift */; };
		10B3FD2E23F026B9006A0AF1 /* DemoCellStyle.swift in Sources */ = {isa = PBXBuildFile; fileRef = 10B3FD1D23F026B9006A0AF1 /* DemoCellStyle.swift */; };
		10B3FD2F23F026B9006A0AF1 /* DemoControlsStyle.swift in Sources */ = {isa = PBXBuildFile; fileRef = 10B3FD1E23F026B9006A0AF1 /* DemoControlsStyle.swift */; };
		10B3FD3023F026B9006A0AF1 /* DemoNavigationStyle.swift in Sources */ = {isa = PBXBuildFile; fileRef = 10B3FD1F23F026B9006A0AF1 /* DemoNavigationStyle.swift */; };
		10B3FD3123F026B9006A0AF1 /* Fonts.swift in Sources */ = {isa = PBXBuildFile; fileRef = 10B3FD2023F026B9006A0AF1 /* Fonts.swift */; };
		10B3FD3223F026B9006A0AF1 /* DemoAppStyle.swift in Sources */ = {isa = PBXBuildFile; fileRef = 10B3FD2123F026B9006A0AF1 /* DemoAppStyle.swift */; };
		10B3FD3323F026B9006A0AF1 /* Colors.swift in Sources */ = {isa = PBXBuildFile; fileRef = 10B3FD2223F026B9006A0AF1 /* Colors.swift */; };
		10B3FD3423F026B9006A0AF1 /* SF-Pro-Text-Light.otf in Resources */ = {isa = PBXBuildFile; fileRef = 10B3FD2423F026B9006A0AF1 /* SF-Pro-Text-Light.otf */; };
		10B3FD3523F026B9006A0AF1 /* SF-Pro-Text-Regular.otf in Resources */ = {isa = PBXBuildFile; fileRef = 10B3FD2523F026B9006A0AF1 /* SF-Pro-Text-Regular.otf */; };
		10B3FD3623F026B9006A0AF1 /* SF-Pro-Text-Bold.otf in Resources */ = {isa = PBXBuildFile; fileRef = 10B3FD2623F026B9006A0AF1 /* SF-Pro-Text-Bold.otf */; };
		10B3FD3723F026B9006A0AF1 /* SF-Pro-Text-BoldItalic.otf in Resources */ = {isa = PBXBuildFile; fileRef = 10B3FD2723F026B9006A0AF1 /* SF-Pro-Text-BoldItalic.otf */; };
		10B3FD3823F026B9006A0AF1 /* SF-Pro-Text-Semibold.otf in Resources */ = {isa = PBXBuildFile; fileRef = 10B3FD2823F026B9006A0AF1 /* SF-Pro-Text-Semibold.otf */; };
		10B3FD3923F026B9006A0AF1 /* SF-Pro-Text-HeavyItalic.otf in Resources */ = {isa = PBXBuildFile; fileRef = 10B3FD2923F026B9006A0AF1 /* SF-Pro-Text-HeavyItalic.otf */; };
		10B3FD3A23F026B9006A0AF1 /* DemoComponentsStyle.swift in Sources */ = {isa = PBXBuildFile; fileRef = 10B3FD2A23F026B9006A0AF1 /* DemoComponentsStyle.swift */; };
		10B3FD4123F026DF006A0AF1 /* Additions.framework in Frameworks */ = {isa = PBXBuildFile; fileRef = 10B3FD3C23F026DF006A0AF1 /* Additions.framework */; };
		10B3FD4223F026DF006A0AF1 /* Additions.framework in Embed Frameworks */ = {isa = PBXBuildFile; fileRef = 10B3FD3C23F026DF006A0AF1 /* Additions.framework */; settings = {ATTRIBUTES = (CodeSignOnCopy, RemoveHeadersOnCopy, ); }; };
		10B3FD4323F026DF006A0AF1 /* Data.framework in Frameworks */ = {isa = PBXBuildFile; fileRef = 10B3FD3D23F026DF006A0AF1 /* Data.framework */; };
		10B3FD4423F026DF006A0AF1 /* Data.framework in Embed Frameworks */ = {isa = PBXBuildFile; fileRef = 10B3FD3D23F026DF006A0AF1 /* Data.framework */; settings = {ATTRIBUTES = (CodeSignOnCopy, RemoveHeadersOnCopy, ); }; };
		10B3FD4523F026DF006A0AF1 /* Domain.framework in Frameworks */ = {isa = PBXBuildFile; fileRef = 10B3FD3E23F026DF006A0AF1 /* Domain.framework */; };
		10B3FD4623F026DF006A0AF1 /* Domain.framework in Embed Frameworks */ = {isa = PBXBuildFile; fileRef = 10B3FD3E23F026DF006A0AF1 /* Domain.framework */; settings = {ATTRIBUTES = (CodeSignOnCopy, RemoveHeadersOnCopy, ); }; };
		10B3FD4723F026DF006A0AF1 /* IosCore.framework in Frameworks */ = {isa = PBXBuildFile; fileRef = 10B3FD3F23F026DF006A0AF1 /* IosCore.framework */; };
		10B3FD4823F026DF006A0AF1 /* IosCore.framework in Embed Frameworks */ = {isa = PBXBuildFile; fileRef = 10B3FD3F23F026DF006A0AF1 /* IosCore.framework */; settings = {ATTRIBUTES = (CodeSignOnCopy, RemoveHeadersOnCopy, ); }; };
		10B3FD4923F026DF006A0AF1 /* Presentation.framework in Frameworks */ = {isa = PBXBuildFile; fileRef = 10B3FD4023F026DF006A0AF1 /* Presentation.framework */; };
		10B3FD4A23F026DF006A0AF1 /* Presentation.framework in Embed Frameworks */ = {isa = PBXBuildFile; fileRef = 10B3FD4023F026DF006A0AF1 /* Presentation.framework */; settings = {ATTRIBUTES = (CodeSignOnCopy, RemoveHeadersOnCopy, ); }; };
		10B7875A23F15944009888E4 /* SchedulerData.framework in Frameworks */ = {isa = PBXBuildFile; fileRef = 10B7875823F15944009888E4 /* SchedulerData.framework */; };
		10B7875B23F15944009888E4 /* SchedulerData.framework in Embed Frameworks */ = {isa = PBXBuildFile; fileRef = 10B7875823F15944009888E4 /* SchedulerData.framework */; settings = {ATTRIBUTES = (CodeSignOnCopy, RemoveHeadersOnCopy, ); }; };
		10B7875C23F15944009888E4 /* SchedulerDomain.framework in Frameworks */ = {isa = PBXBuildFile; fileRef = 10B7875923F15944009888E4 /* SchedulerDomain.framework */; };
		10B7875D23F15944009888E4 /* SchedulerDomain.framework in Embed Frameworks */ = {isa = PBXBuildFile; fileRef = 10B7875923F15944009888E4 /* SchedulerDomain.framework */; settings = {ATTRIBUTES = (CodeSignOnCopy, RemoveHeadersOnCopy, ); }; };
/* End PBXBuildFile section */

/* Begin PBXContainerItemProxy section */
		10B3FCFE23EF22D8006A0AF1 /* PBXContainerItemProxy */ = {
			isa = PBXContainerItemProxy;
			containerPortal = 10B3FCDF23EF22D5006A0AF1 /* Project object */;
			proxyType = 1;
			remoteGlobalIDString = 10B3FCE623EF22D5006A0AF1;
			remoteInfo = scheduler;
		};
/* End PBXContainerItemProxy section */

/* Begin PBXCopyFilesBuildPhase section */
		10B3FD4B23F026DF006A0AF1 /* Embed Frameworks */ = {
			isa = PBXCopyFilesBuildPhase;
			buildActionMask = 2147483647;
			dstPath = "";
			dstSubfolderSpec = 10;
			files = (
				10B3FD4623F026DF006A0AF1 /* Domain.framework in Embed Frameworks */,
				10B3FD4823F026DF006A0AF1 /* IosCore.framework in Embed Frameworks */,
				10B3FD4423F026DF006A0AF1 /* Data.framework in Embed Frameworks */,
				10B3FD4A23F026DF006A0AF1 /* Presentation.framework in Embed Frameworks */,
				10B7875B23F15944009888E4 /* SchedulerData.framework in Embed Frameworks */,
				10B3FD4223F026DF006A0AF1 /* Additions.framework in Embed Frameworks */,
				10B7875D23F15944009888E4 /* SchedulerDomain.framework in Embed Frameworks */,
			);
			name = "Embed Frameworks";
			runOnlyForDeploymentPostprocessing = 0;
		};
/* End PBXCopyFilesBuildPhase section */

/* Begin PBXFileReference section */
		10B3FCE723EF22D5006A0AF1 /* scheduler.app */ = {isa = PBXFileReference; explicitFileType = wrapper.application; includeInIndex = 0; path = scheduler.app; sourceTree = BUILT_PRODUCTS_DIR; };
		10B3FCF123EF22D5006A0AF1 /* Base */ = {isa = PBXFileReference; lastKnownFileType = file.storyboard; name = Base; path = Base.lproj/Main.storyboard; sourceTree = "<group>"; };
		10B3FCF323EF22D8006A0AF1 /* Assets.xcassets */ = {isa = PBXFileReference; lastKnownFileType = folder.assetcatalog; path = Assets.xcassets; sourceTree = "<group>"; };
		10B3FCF623EF22D8006A0AF1 /* Base */ = {isa = PBXFileReference; lastKnownFileType = file.storyboard; name = Base; path = Base.lproj/LaunchScreen.storyboard; sourceTree = "<group>"; };
		10B3FCF823EF22D8006A0AF1 /* Info.plist */ = {isa = PBXFileReference; lastKnownFileType = text.plist.xml; path = Info.plist; sourceTree = "<group>"; };
		10B3FCFD23EF22D8006A0AF1 /* schedulerTests.xctest */ = {isa = PBXFileReference; explicitFileType = wrapper.cfbundle; includeInIndex = 0; path = schedulerTests.xctest; sourceTree = BUILT_PRODUCTS_DIR; };
		10B3FD0123EF22D8006A0AF1 /* schedulerTests.swift */ = {isa = PBXFileReference; lastKnownFileType = sourcecode.swift; path = schedulerTests.swift; sourceTree = "<group>"; };
		10B3FD0323EF22D8006A0AF1 /* Info.plist */ = {isa = PBXFileReference; lastKnownFileType = text.plist.xml; path = Info.plist; sourceTree = "<group>"; };
		10B3FD1923F026B9006A0AF1 /* DependencyInjection.swift */ = {isa = PBXFileReference; fileEncoding = 4; lastKnownFileType = sourcecode.swift; path = DependencyInjection.swift; sourceTree = "<group>"; };
		10B3FD1A23F026B9006A0AF1 /* AppModule.swift */ = {isa = PBXFileReference; fileEncoding = 4; lastKnownFileType = sourcecode.swift; path = AppModule.swift; sourceTree = "<group>"; };
		10B3FD1B23F026B9006A0AF1 /* AppDelegate.swift */ = {isa = PBXFileReference; fileEncoding = 4; lastKnownFileType = sourcecode.swift; path = AppDelegate.swift; sourceTree = "<group>"; };
		10B3FD1D23F026B9006A0AF1 /* DemoCellStyle.swift */ = {isa = PBXFileReference; fileEncoding = 4; lastKnownFileType = sourcecode.swift; path = DemoCellStyle.swift; sourceTree = "<group>"; };
		10B3FD1E23F026B9006A0AF1 /* DemoControlsStyle.swift */ = {isa = PBXFileReference; fileEncoding = 4; lastKnownFileType = sourcecode.swift; path = DemoControlsStyle.swift; sourceTree = "<group>"; };
		10B3FD1F23F026B9006A0AF1 /* DemoNavigationStyle.swift */ = {isa = PBXFileReference; fileEncoding = 4; lastKnownFileType = sourcecode.swift; path = DemoNavigationStyle.swift; sourceTree = "<group>"; };
		10B3FD2023F026B9006A0AF1 /* Fonts.swift */ = {isa = PBXFileReference; fileEncoding = 4; lastKnownFileType = sourcecode.swift; path = Fonts.swift; sourceTree = "<group>"; };
		10B3FD2123F026B9006A0AF1 /* DemoAppStyle.swift */ = {isa = PBXFileReference; fileEncoding = 4; lastKnownFileType = sourcecode.swift; path = DemoAppStyle.swift; sourceTree = "<group>"; };
		10B3FD2223F026B9006A0AF1 /* Colors.swift */ = {isa = PBXFileReference; fileEncoding = 4; lastKnownFileType = sourcecode.swift; path = Colors.swift; sourceTree = "<group>"; };
		10B3FD2423F026B9006A0AF1 /* SF-Pro-Text-Light.otf */ = {isa = PBXFileReference; lastKnownFileType = file; path = "SF-Pro-Text-Light.otf"; sourceTree = "<group>"; };
		10B3FD2523F026B9006A0AF1 /* SF-Pro-Text-Regular.otf */ = {isa = PBXFileReference; lastKnownFileType = file; path = "SF-Pro-Text-Regular.otf"; sourceTree = "<group>"; };
		10B3FD2623F026B9006A0AF1 /* SF-Pro-Text-Bold.otf */ = {isa = PBXFileReference; lastKnownFileType = file; path = "SF-Pro-Text-Bold.otf"; sourceTree = "<group>"; };
		10B3FD2723F026B9006A0AF1 /* SF-Pro-Text-BoldItalic.otf */ = {isa = PBXFileReference; lastKnownFileType = file; path = "SF-Pro-Text-BoldItalic.otf"; sourceTree = "<group>"; };
		10B3FD2823F026B9006A0AF1 /* SF-Pro-Text-Semibold.otf */ = {isa = PBXFileReference; lastKnownFileType = file; path = "SF-Pro-Text-Semibold.otf"; sourceTree = "<group>"; };
		10B3FD2923F026B9006A0AF1 /* SF-Pro-Text-HeavyItalic.otf */ = {isa = PBXFileReference; lastKnownFileType = file; path = "SF-Pro-Text-HeavyItalic.otf"; sourceTree = "<group>"; };
		10B3FD2A23F026B9006A0AF1 /* DemoComponentsStyle.swift */ = {isa = PBXFileReference; fileEncoding = 4; lastKnownFileType = sourcecode.swift; path = DemoComponentsStyle.swift; sourceTree = "<group>"; };
		10B3FD3C23F026DF006A0AF1 /* Additions.framework */ = {isa = PBXFileReference; explicitFileType = wrapper.framework; path = Additions.framework; sourceTree = BUILT_PRODUCTS_DIR; };
		10B3FD3D23F026DF006A0AF1 /* Data.framework */ = {isa = PBXFileReference; explicitFileType = wrapper.framework; path = Data.framework; sourceTree = BUILT_PRODUCTS_DIR; };
		10B3FD3E23F026DF006A0AF1 /* Domain.framework */ = {isa = PBXFileReference; explicitFileType = wrapper.framework; path = Domain.framework; sourceTree = BUILT_PRODUCTS_DIR; };
		10B3FD3F23F026DF006A0AF1 /* IosCore.framework */ = {isa = PBXFileReference; explicitFileType = wrapper.framework; path = IosCore.framework; sourceTree = BUILT_PRODUCTS_DIR; };
		10B3FD4023F026DF006A0AF1 /* Presentation.framework */ = {isa = PBXFileReference; explicitFileType = wrapper.framework; path = Presentation.framework; sourceTree = BUILT_PRODUCTS_DIR; };
		10B7875823F15944009888E4 /* SchedulerData.framework */ = {isa = PBXFileReference; explicitFileType = wrapper.framework; path = SchedulerData.framework; sourceTree = BUILT_PRODUCTS_DIR; };
		10B7875923F15944009888E4 /* SchedulerDomain.framework */ = {isa = PBXFileReference; explicitFileType = wrapper.framework; path = SchedulerDomain.framework; sourceTree = BUILT_PRODUCTS_DIR; };
/* End PBXFileReference section */

/* Begin PBXFrameworksBuildPhase section */
		10B3FCE423EF22D5006A0AF1 /* Frameworks */ = {
			isa = PBXFrameworksBuildPhase;
			buildActionMask = 2147483647;
			files = (
				10B3FD4523F026DF006A0AF1 /* Domain.framework in Frameworks */,
				10B3FD4723F026DF006A0AF1 /* IosCore.framework in Frameworks */,
				10B3FD4323F026DF006A0AF1 /* Data.framework in Frameworks */,
				10B3FD4923F026DF006A0AF1 /* Presentation.framework in Frameworks */,
				10B7875A23F15944009888E4 /* SchedulerData.framework in Frameworks */,
				10B3FD4123F026DF006A0AF1 /* Additions.framework in Frameworks */,
				10B7875C23F15944009888E4 /* SchedulerDomain.framework in Frameworks */,
			);
			runOnlyForDeploymentPostprocessing = 0;
		};
		10B3FCFA23EF22D8006A0AF1 /* Frameworks */ = {
			isa = PBXFrameworksBuildPhase;
			buildActionMask = 2147483647;
			files = (
			);
			runOnlyForDeploymentPostprocessing = 0;
		};
/* End PBXFrameworksBuildPhase section */

/* Begin PBXGroup section */
		10B3FCDE23EF22D5006A0AF1 = {
			isa = PBXGroup;
			children = (
				10B3FCE923EF22D5006A0AF1 /* scheduler */,
				10B3FD0023EF22D8006A0AF1 /* schedulerTests */,
				10B3FCE823EF22D5006A0AF1 /* Products */,
				10B3FD3B23F026DF006A0AF1 /* Frameworks */,
			);
			sourceTree = "<group>";
		};
		10B3FCE823EF22D5006A0AF1 /* Products */ = {
			isa = PBXGroup;
			children = (
				10B3FCE723EF22D5006A0AF1 /* scheduler.app */,
				10B3FCFD23EF22D8006A0AF1 /* schedulerTests.xctest */,
			);
			name = Products;
			sourceTree = "<group>";
		};
		10B3FCE923EF22D5006A0AF1 /* scheduler */ = {
			isa = PBXGroup;
			children = (
				10B3FD1823F026B9006A0AF1 /* App */,
				10B3FD1C23F026B9006A0AF1 /* Style */,
				10B3FCF023EF22D5006A0AF1 /* Main.storyboard */,
				10B3FCF323EF22D8006A0AF1 /* Assets.xcassets */,
				10B3FCF523EF22D8006A0AF1 /* LaunchScreen.storyboard */,
				10B3FCF823EF22D8006A0AF1 /* Info.plist */,
			);
			path = scheduler;
			sourceTree = "<group>";
		};
		10B3FD0023EF22D8006A0AF1 /* schedulerTests */ = {
			isa = PBXGroup;
			children = (
				10B3FD0123EF22D8006A0AF1 /* schedulerTests.swift */,
				10B3FD0323EF22D8006A0AF1 /* Info.plist */,
			);
			path = schedulerTests;
			sourceTree = "<group>";
		};
		10B3FD1823F026B9006A0AF1 /* App */ = {
			isa = PBXGroup;
			children = (
				10B3FD1923F026B9006A0AF1 /* DependencyInjection.swift */,
				10B3FD1A23F026B9006A0AF1 /* AppModule.swift */,
				10B3FD1B23F026B9006A0AF1 /* AppDelegate.swift */,
			);
			path = App;
			sourceTree = "<group>";
		};
		10B3FD1C23F026B9006A0AF1 /* Style */ = {
			isa = PBXGroup;
			children = (
				10B3FD1D23F026B9006A0AF1 /* DemoCellStyle.swift */,
				10B3FD1E23F026B9006A0AF1 /* DemoControlsStyle.swift */,
				10B3FD1F23F026B9006A0AF1 /* DemoNavigationStyle.swift */,
				10B3FD2023F026B9006A0AF1 /* Fonts.swift */,
				10B3FD2123F026B9006A0AF1 /* DemoAppStyle.swift */,
				10B3FD2223F026B9006A0AF1 /* Colors.swift */,
				10B3FD2323F026B9006A0AF1 /* Fonts */,
				10B3FD2A23F026B9006A0AF1 /* DemoComponentsStyle.swift */,
			);
			path = Style;
			sourceTree = "<group>";
		};
		10B3FD2323F026B9006A0AF1 /* Fonts */ = {
			isa = PBXGroup;
			children = (
				10B3FD2423F026B9006A0AF1 /* SF-Pro-Text-Light.otf */,
				10B3FD2523F026B9006A0AF1 /* SF-Pro-Text-Regular.otf */,
				10B3FD2623F026B9006A0AF1 /* SF-Pro-Text-Bold.otf */,
				10B3FD2723F026B9006A0AF1 /* SF-Pro-Text-BoldItalic.otf */,
				10B3FD2823F026B9006A0AF1 /* SF-Pro-Text-Semibold.otf */,
				10B3FD2923F026B9006A0AF1 /* SF-Pro-Text-HeavyItalic.otf */,
			);
			path = Fonts;
			sourceTree = "<group>";
		};
		10B3FD3B23F026DF006A0AF1 /* Frameworks */ = {
			isa = PBXGroup;
			children = (
				10B7875823F15944009888E4 /* SchedulerData.framework */,
				10B7875923F15944009888E4 /* SchedulerDomain.framework */,
				10B3FD3C23F026DF006A0AF1 /* Additions.framework */,
				10B3FD3D23F026DF006A0AF1 /* Data.framework */,
				10B3FD3E23F026DF006A0AF1 /* Domain.framework */,
				10B3FD3F23F026DF006A0AF1 /* IosCore.framework */,
				10B3FD4023F026DF006A0AF1 /* Presentation.framework */,
			);
			name = Frameworks;
			sourceTree = "<group>";
		};
/* End PBXGroup section */

/* Begin PBXNativeTarget section */
		10B3FCE623EF22D5006A0AF1 /* scheduler */ = {
			isa = PBXNativeTarget;
			buildConfigurationList = 10B3FD0623EF22D8006A0AF1 /* Build configuration list for PBXNativeTarget "scheduler" */;
			buildPhases = (
				10B3FCE323EF22D5006A0AF1 /* Sources */,
				10B3FCE423EF22D5006A0AF1 /* Frameworks */,
				10B3FCE523EF22D5006A0AF1 /* Resources */,
				10B3FD4B23F026DF006A0AF1 /* Embed Frameworks */,
			);
			buildRules = (
			);
			dependencies = (
			);
			name = scheduler;
			productName = scheduler;
			productReference = 10B3FCE723EF22D5006A0AF1 /* scheduler.app */;
			productType = "com.apple.product-type.application";
		};
		10B3FCFC23EF22D8006A0AF1 /* schedulerTests */ = {
			isa = PBXNativeTarget;
			buildConfigurationList = 10B3FD0923EF22D8006A0AF1 /* Build configuration list for PBXNativeTarget "schedulerTests" */;
			buildPhases = (
				10B3FCF923EF22D8006A0AF1 /* Sources */,
				10B3FCFA23EF22D8006A0AF1 /* Frameworks */,
				10B3FCFB23EF22D8006A0AF1 /* Resources */,
			);
			buildRules = (
			);
			dependencies = (
				10B3FCFF23EF22D8006A0AF1 /* PBXTargetDependency */,
			);
			name = schedulerTests;
			productName = schedulerTests;
			productReference = 10B3FCFD23EF22D8006A0AF1 /* schedulerTests.xctest */;
			productType = "com.apple.product-type.bundle.unit-test";
		};
/* End PBXNativeTarget section */

/* Begin PBXProject section */
		10B3FCDF23EF22D5006A0AF1 /* Project object */ = {
			isa = PBXProject;
			attributes = {
				LastSwiftUpdateCheck = 1130;
				LastUpgradeCheck = 1130;
				ORGANIZATIONNAME = "Marton Kerekes";
				TargetAttributes = {
					10B3FCE623EF22D5006A0AF1 = {
						CreatedOnToolsVersion = 11.3.1;
					};
					10B3FCFC23EF22D8006A0AF1 = {
						CreatedOnToolsVersion = 11.3.1;
						TestTargetID = 10B3FCE623EF22D5006A0AF1;
					};
				};
			};
			buildConfigurationList = 10B3FCE223EF22D5006A0AF1 /* Build configuration list for PBXProject "scheduler" */;
			compatibilityVersion = "Xcode 9.3";
			developmentRegion = en;
			hasScannedForEncodings = 0;
			knownRegions = (
				en,
				Base,
			);
			mainGroup = 10B3FCDE23EF22D5006A0AF1;
			productRefGroup = 10B3FCE823EF22D5006A0AF1 /* Products */;
			projectDirPath = "";
			projectRoot = "";
			targets = (
				10B3FCE623EF22D5006A0AF1 /* scheduler */,
				10B3FCFC23EF22D8006A0AF1 /* schedulerTests */,
			);
		};
/* End PBXProject section */

/* Begin PBXResourcesBuildPhase section */
		10B3FCE523EF22D5006A0AF1 /* Resources */ = {
			isa = PBXResourcesBuildPhase;
			buildActionMask = 2147483647;
			files = (
				10B3FCF723EF22D8006A0AF1 /* LaunchScreen.storyboard in Resources */,
				10B3FD3723F026B9006A0AF1 /* SF-Pro-Text-BoldItalic.otf in Resources */,
				10B3FD3523F026B9006A0AF1 /* SF-Pro-Text-Regular.otf in Resources */,
				10B3FD3623F026B9006A0AF1 /* SF-Pro-Text-Bold.otf in Resources */,
				10B3FD3823F026B9006A0AF1 /* SF-Pro-Text-Semibold.otf in Resources */,
				10B3FD3923F026B9006A0AF1 /* SF-Pro-Text-HeavyItalic.otf in Resources */,
				10B3FCF423EF22D8006A0AF1 /* Assets.xcassets in Resources */,
				10B3FD3423F026B9006A0AF1 /* SF-Pro-Text-Light.otf in Resources */,
				10B3FCF223EF22D5006A0AF1 /* Main.storyboard in Resources */,
			);
			runOnlyForDeploymentPostprocessing = 0;
		};
		10B3FCFB23EF22D8006A0AF1 /* Resources */ = {
			isa = PBXResourcesBuildPhase;
			buildActionMask = 2147483647;
			files = (
			);
			runOnlyForDeploymentPostprocessing = 0;
		};
/* End PBXResourcesBuildPhase section */

/* Begin PBXSourcesBuildPhase section */
		10B3FCE323EF22D5006A0AF1 /* Sources */ = {
			isa = PBXSourcesBuildPhase;
			buildActionMask = 2147483647;
			files = (
				10B3FD2D23F026B9006A0AF1 /* AppDelegate.swift in Sources */,
				10B3FD3323F026B9006A0AF1 /* Colors.swift in Sources */,
				10B3FD2E23F026B9006A0AF1 /* DemoCellStyle.swift in Sources */,
				10B3FD3223F026B9006A0AF1 /* DemoAppStyle.swift in Sources */,
				10B3FD3023F026B9006A0AF1 /* DemoNavigationStyle.swift in Sources */,
				10B3FD2C23F026B9006A0AF1 /* AppModule.swift in Sources */,
				10B3FD2F23F026B9006A0AF1 /* DemoControlsStyle.swift in Sources */,
				10B3FD3A23F026B9006A0AF1 /* DemoComponentsStyle.swift in Sources */,
				10B3FD3123F026B9006A0AF1 /* Fonts.swift in Sources */,
				10B3FD2B23F026B9006A0AF1 /* DependencyInjection.swift in Sources */,
			);
			runOnlyForDeploymentPostprocessing = 0;
		};
		10B3FCF923EF22D8006A0AF1 /* Sources */ = {
			isa = PBXSourcesBuildPhase;
			buildActionMask = 2147483647;
			files = (
				10B3FD0223EF22D8006A0AF1 /* schedulerTests.swift in Sources */,
			);
			runOnlyForDeploymentPostprocessing = 0;
		};
/* End PBXSourcesBuildPhase section */

/* Begin PBXTargetDependency section */
		10B3FCFF23EF22D8006A0AF1 /* PBXTargetDependency */ = {
			isa = PBXTargetDependency;
			target = 10B3FCE623EF22D5006A0AF1 /* scheduler */;
			targetProxy = 10B3FCFE23EF22D8006A0AF1 /* PBXContainerItemProxy */;
		};
/* End PBXTargetDependency section */

/* Begin PBXVariantGroup section */
		10B3FCF023EF22D5006A0AF1 /* Main.storyboard */ = {
			isa = PBXVariantGroup;
			children = (
				10B3FCF123EF22D5006A0AF1 /* Base */,
			);
			name = Main.storyboard;
			sourceTree = "<group>";
		};
		10B3FCF523EF22D8006A0AF1 /* LaunchScreen.storyboard */ = {
			isa = PBXVariantGroup;
			children = (
				10B3FCF623EF22D8006A0AF1 /* Base */,
			);
			name = LaunchScreen.storyboard;
			sourceTree = "<group>";
		};
/* End PBXVariantGroup section */

/* Begin XCBuildConfiguration section */
		10B3FD0423EF22D8006A0AF1 /* Debug */ = {
			isa = XCBuildConfiguration;
			buildSettings = {
				ALWAYS_SEARCH_USER_PATHS = NO;
				CLANG_ANALYZER_NONNULL = YES;
				CLANG_ANALYZER_NUMBER_OBJECT_CONVERSION = YES_AGGRESSIVE;
				CLANG_CXX_LANGUAGE_STANDARD = "gnu++14";
				CLANG_CXX_LIBRARY = "libc++";
				CLANG_ENABLE_MODULES = YES;
				CLANG_ENABLE_OBJC_ARC = YES;
				CLANG_ENABLE_OBJC_WEAK = YES;
				CLANG_WARN_BLOCK_CAPTURE_AUTORELEASING = YES;
				CLANG_WARN_BOOL_CONVERSION = YES;
				CLANG_WARN_COMMA = YES;
				CLANG_WARN_CONSTANT_CONVERSION = YES;
				CLANG_WARN_DEPRECATED_OBJC_IMPLEMENTATIONS = YES;
				CLANG_WARN_DIRECT_OBJC_ISA_USAGE = YES_ERROR;
				CLANG_WARN_DOCUMENTATION_COMMENTS = YES;
				CLANG_WARN_EMPTY_BODY = YES;
				CLANG_WARN_ENUM_CONVERSION = YES;
				CLANG_WARN_INFINITE_RECURSION = YES;
				CLANG_WARN_INT_CONVERSION = YES;
				CLANG_WARN_NON_LITERAL_NULL_CONVERSION = YES;
				CLANG_WARN_OBJC_IMPLICIT_RETAIN_SELF = YES;
				CLANG_WARN_OBJC_LITERAL_CONVERSION = YES;
				CLANG_WARN_OBJC_ROOT_CLASS = YES_ERROR;
				CLANG_WARN_RANGE_LOOP_ANALYSIS = YES;
				CLANG_WARN_STRICT_PROTOTYPES = YES;
				CLANG_WARN_SUSPICIOUS_MOVE = YES;
				CLANG_WARN_UNGUARDED_AVAILABILITY = YES_AGGRESSIVE;
				CLANG_WARN_UNREACHABLE_CODE = YES;
				CLANG_WARN__DUPLICATE_METHOD_MATCH = YES;
				COPY_PHASE_STRIP = NO;
				DEBUG_INFORMATION_FORMAT = dwarf;
				ENABLE_STRICT_OBJC_MSGSEND = YES;
				ENABLE_TESTABILITY = YES;
				GCC_C_LANGUAGE_STANDARD = gnu11;
				GCC_DYNAMIC_NO_PIC = NO;
				GCC_NO_COMMON_BLOCKS = YES;
				GCC_OPTIMIZATION_LEVEL = 0;
				GCC_PREPROCESSOR_DEFINITIONS = (
					"DEBUG=1",
					"$(inherited)",
				);
				GCC_WARN_64_TO_32_BIT_CONVERSION = YES;
				GCC_WARN_ABOUT_RETURN_TYPE = YES_ERROR;
				GCC_WARN_UNDECLARED_SELECTOR = YES;
				GCC_WARN_UNINITIALIZED_AUTOS = YES_AGGRESSIVE;
				GCC_WARN_UNUSED_FUNCTION = YES;
				GCC_WARN_UNUSED_VARIABLE = YES;
				IPHONEOS_DEPLOYMENT_TARGET = 13.2;
				MTL_ENABLE_DEBUG_INFO = INCLUDE_SOURCE;
				MTL_FAST_MATH = YES;
				ONLY_ACTIVE_ARCH = YES;
				SDKROOT = iphoneos;
				SWIFT_ACTIVE_COMPILATION_CONDITIONS = DEBUG;
				SWIFT_OPTIMIZATION_LEVEL = "-Onone";
			};
			name = Debug;
		};
		10B3FD0523EF22D8006A0AF1 /* Release */ = {
			isa = XCBuildConfiguration;
			buildSettings = {
				ALWAYS_SEARCH_USER_PATHS = NO;
				CLANG_ANALYZER_NONNULL = YES;
				CLANG_ANALYZER_NUMBER_OBJECT_CONVERSION = YES_AGGRESSIVE;
				CLANG_CXX_LANGUAGE_STANDARD = "gnu++14";
				CLANG_CXX_LIBRARY = "libc++";
				CLANG_ENABLE_MODULES = YES;
				CLANG_ENABLE_OBJC_ARC = YES;
				CLANG_ENABLE_OBJC_WEAK = YES;
				CLANG_WARN_BLOCK_CAPTURE_AUTORELEASING = YES;
				CLANG_WARN_BOOL_CONVERSION = YES;
				CLANG_WARN_COMMA = YES;
				CLANG_WARN_CONSTANT_CONVERSION = YES;
				CLANG_WARN_DEPRECATED_OBJC_IMPLEMENTATIONS = YES;
				CLANG_WARN_DIRECT_OBJC_ISA_USAGE = YES_ERROR;
				CLANG_WARN_DOCUMENTATION_COMMENTS = YES;
				CLANG_WARN_EMPTY_BODY = YES;
				CLANG_WARN_ENUM_CONVERSION = YES;
				CLANG_WARN_INFINITE_RECURSION = YES;
				CLANG_WARN_INT_CONVERSION = YES;
				CLANG_WARN_NON_LITERAL_NULL_CONVERSION = YES;
				CLANG_WARN_OBJC_IMPLICIT_RETAIN_SELF = YES;
				CLANG_WARN_OBJC_LITERAL_CONVERSION = YES;
				CLANG_WARN_OBJC_ROOT_CLASS = YES_ERROR;
				CLANG_WARN_RANGE_LOOP_ANALYSIS = YES;
				CLANG_WARN_STRICT_PROTOTYPES = YES;
				CLANG_WARN_SUSPICIOUS_MOVE = YES;
				CLANG_WARN_UNGUARDED_AVAILABILITY = YES_AGGRESSIVE;
				CLANG_WARN_UNREACHABLE_CODE = YES;
				CLANG_WARN__DUPLICATE_METHOD_MATCH = YES;
				COPY_PHASE_STRIP = NO;
				DEBUG_INFORMATION_FORMAT = "dwarf-with-dsym";
				ENABLE_NS_ASSERTIONS = NO;
				ENABLE_STRICT_OBJC_MSGSEND = YES;
				GCC_C_LANGUAGE_STANDARD = gnu11;
				GCC_NO_COMMON_BLOCKS = YES;
				GCC_WARN_64_TO_32_BIT_CONVERSION = YES;
				GCC_WARN_ABOUT_RETURN_TYPE = YES_ERROR;
				GCC_WARN_UNDECLARED_SELECTOR = YES;
				GCC_WARN_UNINITIALIZED_AUTOS = YES_AGGRESSIVE;
				GCC_WARN_UNUSED_FUNCTION = YES;
				GCC_WARN_UNUSED_VARIABLE = YES;
				IPHONEOS_DEPLOYMENT_TARGET = 13.2;
				MTL_ENABLE_DEBUG_INFO = NO;
				MTL_FAST_MATH = YES;
				SDKROOT = iphoneos;
				SWIFT_COMPILATION_MODE = wholemodule;
				SWIFT_OPTIMIZATION_LEVEL = "-O";
				VALIDATE_PRODUCT = YES;
			};
			name = Release;
		};
		10B3FD0723EF22D8006A0AF1 /* Debug */ = {
			isa = XCBuildConfiguration;
			buildSettings = {
				ASSETCATALOG_COMPILER_APPICON_NAME = AppIcon;
				CODE_SIGN_STYLE = Automatic;
				DEVELOPMENT_TEAM = HQQ63777MM;
				INFOPLIST_FILE = scheduler/Info.plist;
				LD_RUNPATH_SEARCH_PATHS = (
					"$(inherited)",
					"@executable_path/Frameworks",
				);
				PRODUCT_BUNDLE_IDENTIFIER = com.mkerekes.scheduler;
				PRODUCT_NAME = "$(TARGET_NAME)";
				SWIFT_VERSION = 5.0;
				TARGETED_DEVICE_FAMILY = "1,2";
			};
			name = Debug;
		};
		10B3FD0823EF22D8006A0AF1 /* Release */ = {
			isa = XCBuildConfiguration;
			buildSettings = {
				ASSETCATALOG_COMPILER_APPICON_NAME = AppIcon;
				CODE_SIGN_STYLE = Automatic;
				DEVELOPMENT_TEAM = HQQ63777MM;
				INFOPLIST_FILE = scheduler/Info.plist;
				LD_RUNPATH_SEARCH_PATHS = (
					"$(inherited)",
					"@executable_path/Frameworks",
				);
				PRODUCT_BUNDLE_IDENTIFIER = com.mkerekes.scheduler;
				PRODUCT_NAME = "$(TARGET_NAME)";
				SWIFT_VERSION = 5.0;
				TARGETED_DEVICE_FAMILY = "1,2";
			};
			name = Release;
		};
		10B3FD0A23EF22D8006A0AF1 /* Debug */ = {
			isa = XCBuildConfiguration;
			buildSettings = {
				ALWAYS_EMBED_SWIFT_STANDARD_LIBRARIES = YES;
				BUNDLE_LOADER = "$(TEST_HOST)";
				CODE_SIGN_STYLE = Automatic;
				DEVELOPMENT_TEAM = HQQ63777MM;
				INFOPLIST_FILE = schedulerTests/Info.plist;
				IPHONEOS_DEPLOYMENT_TARGET = 13.2;
				LD_RUNPATH_SEARCH_PATHS = (
					"$(inherited)",
					"@executable_path/Frameworks",
					"@loader_path/Frameworks",
				);
				PRODUCT_BUNDLE_IDENTIFIER = com.mkerekes.schedulerTests;
				PRODUCT_NAME = "$(TARGET_NAME)";
				SWIFT_VERSION = 5.0;
				TARGETED_DEVICE_FAMILY = "1,2";
				TEST_HOST = "$(BUILT_PRODUCTS_DIR)/scheduler.app/scheduler";
			};
			name = Debug;
		};
		10B3FD0B23EF22D8006A0AF1 /* Release */ = {
			isa = XCBuildConfiguration;
			buildSettings = {
				ALWAYS_EMBED_SWIFT_STANDARD_LIBRARIES = YES;
				BUNDLE_LOADER = "$(TEST_HOST)";
				CODE_SIGN_STYLE = Automatic;
				DEVELOPMENT_TEAM = HQQ63777MM;
				INFOPLIST_FILE = schedulerTests/Info.plist;
				IPHONEOS_DEPLOYMENT_TARGET = 13.2;
				LD_RUNPATH_SEARCH_PATHS = (
					"$(inherited)",
					"@executable_path/Frameworks",
					"@loader_path/Frameworks",
				);
				PRODUCT_BUNDLE_IDENTIFIER = com.mkerekes.schedulerTests;
				PRODUCT_NAME = "$(TARGET_NAME)";
				SWIFT_VERSION = 5.0;
				TARGETED_DEVICE_FAMILY = "1,2";
				TEST_HOST = "$(BUILT_PRODUCTS_DIR)/scheduler.app/scheduler";
			};
			name = Release;
		};
/* End XCBuildConfiguration section */

/* Begin XCConfigurationList section */
		10B3FCE223EF22D5006A0AF1 /* Build configuration list for PBXProject "scheduler" */ = {
			isa = XCConfigurationList;
			buildConfigurations = (
				10B3FD0423EF22D8006A0AF1 /* Debug */,
				10B3FD0523EF22D8006A0AF1 /* Release */,
			);
			defaultConfigurationIsVisible = 0;
			defaultConfigurationName = Release;
		};
		10B3FD0623EF22D8006A0AF1 /* Build configuration list for PBXNativeTarget "scheduler" */ = {
			isa = XCConfigurationList;
			buildConfigurations = (
				10B3FD0723EF22D8006A0AF1 /* Debug */,
				10B3FD0823EF22D8006A0AF1 /* Release */,
			);
			defaultConfigurationIsVisible = 0;
			defaultConfigurationName = Release;
		};
		10B3FD0923EF22D8006A0AF1 /* Build configuration list for PBXNativeTarget "schedulerTests" */ = {
			isa = XCConfigurationList;
			buildConfigurations = (
				10B3FD0A23EF22D8006A0AF1 /* Debug */,
				10B3FD0B23EF22D8006A0AF1 /* Release */,
			);
			defaultConfigurationIsVisible = 0;
			defaultConfigurationName = Release;
		};
/* End XCConfigurationList section */
	};
	rootObject = 10B3FCDF23EF22D5006A0AF1 /* Project object */;
}
